github.com/mattn/anko v0.1.8 h1:wDGM0Rwgbzhk1h8xE6qAR4n+PO/9clzf3tLGtrwsqJg=
github.com/mattn/anko v0.1.8/go.mod h1:C5D2zw4NIv/sB2SrQ3qs5wqPw0wKiA2GZqexy4ctNH0=
github.com/nsf/jsondiff v0.0.0-20210303162244-6ea32392771e h1:S+/ptYdZtpK/MDstwCyt+ZHdXEpz86RJZ5gyZU4txJY=
github.com/nsf/jsondiff v0.0.0-20210303162244-6ea32392771e/go.mod h1:uFMI8w+ref4v2r9jz+c9i1IfIttS/OkmLfrk1jne5hs=
gopkg.in/check.v1 v0.0.0-20161208181325-20d25e280405/go.mod h1:Co6ibVJAznAaIkqp8huTwlJQCZ016jof/cbN4VW5Yz0=
gopkg.in/yaml.v3 v3.0.0-20210107192922-496545a6307b h1:h8qDotaEPuJATrMmW04NCwg7v22aHH28wwpauUhK9Oo=
gopkg.in/yaml.v3 v3.0.0-20210107192922-496545a6307b/go.mod h1:K4uyk7z7BCEPqu6E+C64Yfv1cQ7kz7rIZviUmN+EgEM=
